
Microsoft Visual Studio Solution File, Format Version 12.00
# Visual Studio Version 17
VisualStudioVersion = 17.4.33205.214
MinimumVisualStudioVersion = 10.0.40219.1
Project("{9A19103F-16F7-4668-BE54-9A1E7A4F7556}") = "MoodAnalyzerProgram", "MoodAnalyzerProgram.csproj", "{21B374E8-61D9-42F0-8F36-A386BC6F1E27}"
EndProject
Project("{FAE04EC0-301F-11D3-BF4B-00C04F79EFBC}") = "Unittest1", "..\Unittest1\Unittest1.csproj", "{E25E4A18-DBC6-472C-8B38-39D6B71028B6}"
EndProject
Global
	GlobalSection(SolutionConfigurationPlatforms) = preSolution
		Debug|Any CPU = Debug|Any CPU
		Release|Any CPU = Release|Any CPU
	EndGlobalSection
	GlobalSection(ProjectConfigurationPlatforms) = postSolution
		{21B374E8-61D9-42F0-8F36-A386BC6F1E27}.Debug|Any CPU.ActiveCfg = Debug|Any CPU
		{21B374E8-61D9-42F0-8F36-A386BC6F1E27}.Debug|Any CPU.Build.0 = Debug|Any CPU
		{21B374E8-61D9-42F0-8F36-A386BC6F1E27}.Release|Any CPU.ActiveCfg = Release|Any CPU
		{21B374E8-61D9-42F0-8F36-A386BC6F1E27}.Release|Any CPU.Build.0 = Release|Any CPU
		{E25E4A18-DBC6-472C-8B38-39D6B71028B6}.Debug|Any CPU.ActiveCfg = Debug|Any CPU
		{E25E4A18-DBC6-472C-8B38-39D6B71028B6}.Debug|Any CPU.Build.0 = Debug|Any CPU
		{E25E4A18-DBC6-472C-8B38-39D6B71028B6}.Release|Any CPU.ActiveCfg = Release|Any CPU
		{E25E4A18-DBC6-472C-8B38-39D6B71028B6}.Release|Any CPU.Build.0 = Release|Any CPU
	EndGlobalSection
	GlobalSection(SolutionProperties) = preSolution
		HideSolutionNode = FALSE
	EndGlobalSection
	GlobalSection(ExtensibilityGlobals) = postSolution
		SolutionGuid = {3055E2BD-91CE-47F3-ABD1-F4FDC66EF2B1}
	EndGlobalSection
EndGlobal
